
Microsoft Visual Studio Solution File, Format Version 12.00
# Visual Studio Version 17
VisualStudioVersion = 17.0.32112.339
MinimumVisualStudioVersion = 10.0.40219.1
Project("{FAE04EC0-301F-11D3-BF4B-00C04F79EFBC}") = "BethanysPieShopHRM", "BethanysPieShopHRM.csproj", "{A86C43C9-3A3F-469A-A6A4-2DF60A868281}"
EndProject
Global
	GlobalSection(SolutionConfigurationPlatforms) = preSolution
		Debug|Any CPU = Debug|Any CPU
		Release|Any CPU = Release|Any CPU
	EndGlobalSection
	GlobalSection(ProjectConfigurationPlatforms) = postSolution
		{A86C43C9-3A3F-469A-A6A4-2DF60A868281}.Debug|Any CPU.ActiveCfg = Debug|Any CPU
		{A86C43C9-3A3F-469A-A6A4-2DF60A868281}.Debug|Any CPU.Build.0 = Debug|Any CPU
		{A86C43C9-3A3F-469A-A6A4-2DF60A868281}.Release|Any CPU.ActiveCfg = Release|Any CPU
		{A86C43C9-3A3F-469A-A6A4-2DF60A868281}.Release|Any CPU.Build.0 = Release|Any CPU
	EndGlobalSection
	GlobalSection(SolutionProperties) = preSolution
		HideSolutionNode = FALSE
	EndGlobalSection
	GlobalSection(ExtensibilityGlobals) = postSolution
		SolutionGuid = {3EA56E79-BDA9-4AA5-B3F2-F6C28E831721}
	EndGlobalSection
EndGlobal
