
Microsoft Visual Studio Solution File, Format Version 12.00
# Visual Studio Version 17
VisualStudioVersion = 17.0.32112.339
MinimumVisualStudioVersion = 10.0.40219.1
Project("{FAE04EC0-301F-11D3-BF4B-00C04F79EFBC}") = "CafeManagment", "CafeManagment\CafeManagment.csproj", "{DC872DE1-E9A4-4ED4-98A4-6A4254E149EA}"
EndProject
Global
	GlobalSection(SolutionConfigurationPlatforms) = preSolution
		Debug|Any CPU = Debug|Any CPU
		Release|Any CPU = Release|Any CPU
	EndGlobalSection
	GlobalSection(ProjectConfigurationPlatforms) = postSolution
		{DC872DE1-E9A4-4ED4-98A4-6A4254E149EA}.Debug|Any CPU.ActiveCfg = Debug|Any CPU
		{DC872DE1-E9A4-4ED4-98A4-6A4254E149EA}.Debug|Any CPU.Build.0 = Debug|Any CPU
		{DC872DE1-E9A4-4ED4-98A4-6A4254E149EA}.Release|Any CPU.ActiveCfg = Release|Any CPU
		{DC872DE1-E9A4-4ED4-98A4-6A4254E149EA}.Release|Any CPU.Build.0 = Release|Any CPU
	EndGlobalSection
	GlobalSection(SolutionProperties) = preSolution
		HideSolutionNode = FALSE
	EndGlobalSection
	GlobalSection(ExtensibilityGlobals) = postSolution
		SolutionGuid = {F6BB269C-40E0-48D8-8B82-B575FDFAF43E}
	EndGlobalSection
EndGlobal
